
Microsoft Visual Studio Solution File, Format Version 12.00
# Visual Studio Version 16
VisualStudioVersion = 16.0.30011.22
MinimumVisualStudioVersion = 10.0.40219.1
Project("{FAE04EC0-301F-11D3-BF4B-00C04F79EFBC}") = "CompanyApi", "CompanyApi.csproj", "{B5595E83-3896-40E2-8F24-8C53D262EB1B}"
EndProject
Global
	GlobalSection(SolutionConfigurationPlatforms) = preSolution
		Debug|Any CPU = Debug|Any CPU
		Release|Any CPU = Release|Any CPU
	EndGlobalSection
	GlobalSection(ProjectConfigurationPlatforms) = postSolution
		{B5595E83-3896-40E2-8F24-8C53D262EB1B}.Debug|Any CPU.ActiveCfg = Debug|Any CPU
		{B5595E83-3896-40E2-8F24-8C53D262EB1B}.Debug|Any CPU.Build.0 = Debug|Any CPU
		{B5595E83-3896-40E2-8F24-8C53D262EB1B}.Release|Any CPU.ActiveCfg = Release|Any CPU
		{B5595E83-3896-40E2-8F24-8C53D262EB1B}.Release|Any CPU.Build.0 = Release|Any CPU
	EndGlobalSection
	GlobalSection(SolutionProperties) = preSolution
		HideSolutionNode = FALSE
	EndGlobalSection
	GlobalSection(ExtensibilityGlobals) = postSolution
		SolutionGuid = {F6170791-FC15-4CF4-B178-874D63176C09}
	EndGlobalSection
EndGlobal
